// !$*UTF8*$!
{
	archiveVersion = 1;
	classes = {
	};
	objectVersion = 77;
	objects = {

/* Begin PBXBuildFile section */
		036F805090691ED0E91DA5DB /* EmojiKit in Frameworks */ = {isa = PBXBuildFile; productRef = 0E734F9FA10CAB1DBAF187A3 /* EmojiKit */; };
		99784DAA85D0661623920273 /* MapLibre in Frameworks */ = {isa = PBXBuildFile; productRef = F58443DB8E2BB42F11C737E8 /* MapLibre */; };
		FA42D26E2FE7F51F00897DFF /* AsyncAlgorithms in Frameworks */ = {isa = PBXBuildFile; productRef = FA42D26D2FE7F51F00897DFF /* AsyncAlgorithms */; };
		FA42D2702FE7F51F00897DFF /* AsyncStreaming in Frameworks */ = {isa = PBXBuildFile; productRef = FA42D26F2FE7F51F00897DFF /* AsyncStreaming */; };
		FA42D2712FE7F60000897DFF /* Alamofire in Frameworks */ = {isa = PBXBuildFile; productRef = FA42D2722FE7F60000897DFF /* Alamofire */; };
		FA42D2732FE7F60000897DFF /* Swinject in Frameworks */ = {isa = PBXBuildFile; productRef = FA42D2742FE7F60000897DFF /* Swinject */; };
/* End PBXBuildFile section */

/* Begin PBXContainerItemProxy section */
		FA42D1E22FE7DE8800897DFF /* PBXContainerItemProxy */ = {
			isa = PBXContainerItemProxy;
			containerPortal = FA42D1CC2FE7DE8600897DFF /* Project object */;
			proxyType = 1;
			remoteGlobalIDString = FA42D1D32FE7DE8600897DFF;
			remoteInfo = wayz_ios;
		};
		FA42D1EC2FE7DE8800897DFF /* PBXContainerItemProxy */ = {
			isa = PBXContainerItemProxy;
			containerPortal = FA42D1CC2FE7DE8600897DFF /* Project object */;
			proxyType = 1;
			remoteGlobalIDString = FA42D1D32FE7DE8600897DFF;
			remoteInfo = wayz_ios;
		};
/* End PBXContainerItemProxy section */

/* Begin PBXFileReference section */
		FA42D1D42FE7DE8700897DFF /* wayz_ios.app */ = {isa = PBXFileReference; explicitFileType = wrapper.application; includeInIndex = 0; path = wayz_ios.app; sourceTree = BUILT_PRODUCTS_DIR; };
		FA42D1E12FE7DE8800897DFF /* wayz_iosTests.xctest */ = {isa = PBXFileReference; explicitFileType = wrapper.cfbundle; includeInIndex = 0; path = wayz_iosTests.xctest; sourceTree = BUILT_PRODUCTS_DIR; };
		FA42D1EB2FE7DE8800897DFF /* wayz_iosUITests.xctest */ = {isa = PBXFileReference; explicitFileType = wrapper.cfbundle; includeInIndex = 0; path = wayz_iosUITests.xctest; sourceTree = BUILT_PRODUCTS_DIR; };
/* End PBXFileReference section */

/* Begin PBXFileSystemSynchronizedRootGroup section */
		FA42D1D62FE7DE8700897DFF /* wayz_ios */ = {
			isa = PBXFileSystemSynchronizedRootGroup;
			path = wayz_ios;
			sourceTree = "<group>";
		};
		FA42D1E42FE7DE8800897DFF /* wayz_iosTests */ = {
			isa = PBXFileSystemSynchronizedRootGroup;
			path = wayz_iosTests;
			sourceTree = "<group>";
		};
		FA42D1EE2FE7DE8800897DFF /* wayz_iosUITests */ = {
			isa = PBXFileSystemSynchronizedRootGroup;
			path = wayz_iosUITests;
			sourceTree = "<group>";
		};
		FA88C76A2FFA548600A43CB5 /* Configs */ = {
			isa = PBXFileSystemSynchronizedRootGroup;
			path = Configs;
			sourceTree = "<group>";
		};
/* End PBXFileSystemSynchronizedRootGroup section */

/* Begin PBXFrameworksBuildPhase section */
		FA42D1D12FE7DE8600897DFF /* Frameworks */ = {
			isa = PBXFrameworksBuildPhase;
			buildActionMask = 2147483647;
			files = (
				FA42D2702FE7F51F00897DFF /* AsyncStreaming in Frameworks */,
				FA42D26E2FE7F51F00897DFF /* AsyncAlgorithms in Frameworks */,
				FA42D2712FE7F60000897DFF /* Alamofire in Frameworks */,
				FA42D2732FE7F60000897DFF /* Swinject in Frameworks */,
				99784DAA85D0661623920273 /* MapLibre in Frameworks */,
				036F805090691ED0E91DA5DB /* EmojiKit in Frameworks */,
			);
			runOnlyForDeploymentPostprocessing = 0;
		};
		FA42D1DE2FE7DE8800897DFF /* Frameworks */ = {
			isa = PBXFrameworksBuildPhase;
			buildActionMask = 2147483647;
			files = (
			);
			runOnlyForDeploymentPostprocessing = 0;
		};
		FA42D1E82FE7DE8800897DFF /* Frameworks */ = {
			isa = PBXFrameworksBuildPhase;
			buildActionMask = 2147483647;
			files = (
			);
			runOnlyForDeploymentPostprocessing = 0;
		};
/* End PBXFrameworksBuildPhase section */

/* Begin PBXGroup section */
		FA42D1CB2FE7DE8600897DFF = {
			isa = PBXGroup;
			children = (
				FA88C76A2FFA548600A43CB5 /* Configs */,
				FA42D1D62FE7DE8700897DFF /* wayz_ios */,
				FA42D1E42FE7DE8800897DFF /* wayz_iosTests */,
				FA42D1EE2FE7DE8800897DFF /* wayz_iosUITests */,
				FA42D1D52FE7DE8700897DFF /* Products */,
			);
			sourceTree = "<group>";
		};
		FA42D1D52FE7DE8700897DFF /* Products */ = {
			isa = PBXGroup;
			children = (
				FA42D1D42FE7DE8700897DFF /* wayz_ios.app */,
				FA42D1E12FE7DE8800897DFF /* wayz_iosTests.xctest */,
				FA42D1EB2FE7DE8800897DFF /* wayz_iosUITests.xctest */,
			);
			name = Products;
			sourceTree = "<group>";
		};
/* End PBXGroup section */

/* Begin PBXNativeTarget section */
		FA42D1D32FE7DE8600897DFF /* wayz_ios */ = {
			isa = PBXNativeTarget;
			buildConfigurationList = FA42D1F52FE7DE8800897DFF /* Build configuration list for PBXNativeTarget "wayz_ios" */;
			buildPhases = (
				FA42D1D02FE7DE8600897DFF /* Sources */,
				FA42D1D12FE7DE8600897DFF /* Frameworks */,
				FA42D1D22FE7DE8600897DFF /* Resources */,
			);
			buildRules = (
			);
			dependencies = (
			);
			fileSystemSynchronizedGroups = (
				FA42D1D62FE7DE8700897DFF /* wayz_ios */,
				FA88C76A2FFA548600A43CB5 /* Configs */,
			);
			name = wayz_ios;
			packageProductDependencies = (
				FA42D26D2FE7F51F00897DFF /* AsyncAlgorithms */,
				FA42D26F2FE7F51F00897DFF /* AsyncStreaming */,
				FA42D2722FE7F60000897DFF /* Alamofire */,
				FA42D2742FE7F60000897DFF /* Swinject */,
				F58443DB8E2BB42F11C737E8 /* MapLibre */,
				0E734F9FA10CAB1DBAF187A3 /* EmojiKit */,
			);
			productName = wayz_ios;
			productReference = FA42D1D42FE7DE8700897DFF /* wayz_ios.app */;
			productType = "com.apple.product-type.application";
		};
		FA42D1E02FE7DE8800897DFF /* wayz_iosTests */ = {
			isa = PBXNativeTarget;
			buildConfigurationList = FA42D1F82FE7DE8800897DFF /* Build configuration list for PBXNativeTarget "wayz_iosTests" */;
			buildPhases = (
				FA42D1DD2FE7DE8800897DFF /* Sources */,
				FA42D1DE2FE7DE8800897DFF /* Frameworks */,
				FA42D1DF2FE7DE8800897DFF /* Resources */,
			);
			buildRules = (
			);
			dependencies = (
				FA42D1E32FE7DE8800897DFF /* PBXTargetDependency */,
			);
			fileSystemSynchronizedGroups = (
				FA42D1E42FE7DE8800897DFF /* wayz_iosTests */,
			);
			name = wayz_iosTests;
			productName = wayz_iosTests;
			productReference = FA42D1E12FE7DE8800897DFF /* wayz_iosTests.xctest */;
			productType = "com.apple.product-type.bundle.unit-test";
		};
		FA42D1EA2FE7DE8800897DFF /* wayz_iosUITests */ = {
			isa = PBXNativeTarget;
			buildConfigurationList = FA42D1FB2FE7DE8800897DFF /* Build configuration list for PBXNativeTarget "wayz_iosUITests" */;
			buildPhases = (
				FA42D1E72FE7DE8800897DFF /* Sources */,
				FA42D1E82FE7DE8800897DFF /* Frameworks */,
				FA42D1E92FE7DE8800897DFF /* Resources */,
			);
			buildRules = (
			);
			dependencies = (
				FA42D1ED2FE7DE8800897DFF /* PBXTargetDependency */,
			);
			fileSystemSynchronizedGroups = (
				FA42D1EE2FE7DE8800897DFF /* wayz_iosUITests */,
			);
			name = wayz_iosUITests;
			productName = wayz_iosUITests;
			productReference = FA42D1EB2FE7DE8800897DFF /* wayz_iosUITests.xctest */;
			productType = "com.apple.product-type.bundle.ui-testing";
		};
/* End PBXNativeTarget section */

/* Begin PBXProject section */
		FA42D1CC2FE7DE8600897DFF /* Project object */ = {
			isa = PBXProject;
			attributes = {
				BuildIndependentTargetsInParallel = 1;
				LastSwiftUpdateCheck = 2650;
				LastUpgradeCheck = 2650;
				TargetAttributes = {
					FA42D1D32FE7DE8600897DFF = {
						CreatedOnToolsVersion = 26.5;
					};
					FA42D1E02FE7DE8800897DFF = {
						CreatedOnToolsVersion = 26.5;
						TestTargetID = FA42D1D32FE7DE8600897DFF;
					};
					FA42D1EA2FE7DE8800897DFF = {
						CreatedOnToolsVersion = 26.5;
						TestTargetID = FA42D1D32FE7DE8600897DFF;
					};
				};
			};
			buildConfigurationList = FA42D1CF2FE7DE8600897DFF /* Build configuration list for PBXProject "wayz_ios" */;
			developmentRegion = en;
			hasScannedForEncodings = 0;
			knownRegions = (
				en,
				Base,
			);
			mainGroup = FA42D1CB2FE7DE8600897DFF;
			minimizedProjectReferenceProxies = 1;
			packageReferences = (
				FA42D2692FE7F39000897DFF /* XCRemoteSwiftPackageReference "Alamofire" */,
				FA42D26A2FE7F3A500897DFF /* XCRemoteSwiftPackageReference "Swinject" */,
				FA42D26B2FE7F50000897DFF /* XCRemoteSwiftPackageReference "swift-algorithms" */,
				FA42D26C2FE7F51F00897DFF /* XCRemoteSwiftPackageReference "swift-async-algorithms" */,
				356C493FABB55D22CC48C34D /* XCRemoteSwiftPackageReference "maplibre-gl-native-distribution" */,
				1E7065F41C433CD34745891B /* XCRemoteSwiftPackageReference "EmojiKit" */,
			);
			preferredProjectObjectVersion = 77;
			productRefGroup = FA42D1D52FE7DE8700897DFF /* Products */;
			projectDirPath = "";
			projectRoot = "";
			targets = (
				FA42D1D32FE7DE8600897DFF /* wayz_ios */,
				FA42D1E02FE7DE8800897DFF /* wayz_iosTests */,
				FA42D1EA2FE7DE8800897DFF /* wayz_iosUITests */,
			);
		};
/* End PBXProject section */

/* Begin PBXResourcesBuildPhase section */
		FA42D1D22FE7DE8600897DFF /* Resources */ = {
			isa = PBXResourcesBuildPhase;
			buildActionMask = 2147483647;
			files = (
			);
			runOnlyForDeploymentPostprocessing = 0;
		};
		FA42D1DF2FE7DE8800897DFF /* Resources */ = {
			isa = PBXResourcesBuildPhase;
			buildActionMask = 2147483647;
			files = (
			);
			runOnlyForDeploymentPostprocessing = 0;
		};
		FA42D1E92FE7DE8800897DFF /* Resources */ = {
			isa = PBXResourcesBuildPhase;
			buildActionMask = 2147483647;
			files = (
			);
			runOnlyForDeploymentPostprocessing = 0;
		};
/* End PBXResourcesBuildPhase section */

/* Begin PBXSourcesBuildPhase section */
		FA42D1D02FE7DE8600897DFF /* Sources */ = {
			isa = PBXSourcesBuildPhase;
			buildActionMask = 2147483647;
			files = (
			);
			runOnlyForDeploymentPostprocessing = 0;
		};
		FA42D1DD2FE7DE8800897DFF /* Sources */ = {
			isa = PBXSourcesBuildPhase;
			buildActionMask = 2147483647;
			files = (
			);
			runOnlyForDeploymentPostprocessing = 0;
		};
		FA42D1E72FE7DE8800897DFF /* Sources */ = {
			isa = PBXSourcesBuildPhase;
			buildActionMask = 2147483647;
			files = (
			);
			runOnlyForDeploymentPostprocessing = 0;
		};
/* End PBXSourcesBuildPhase section */

/* Begin PBXTargetDependency section */
		FA42D1E32FE7DE8800897DFF /* PBXTargetDependency */ = {
			isa = PBXTargetDependency;
			target = FA42D1D32FE7DE8600897DFF /* wayz_ios */;
			targetProxy = FA42D1E22FE7DE8800897DFF /* PBXContainerItemProxy */;
		};
		FA42D1ED2FE7DE8800897DFF /* PBXTargetDependency */ = {
			isa = PBXTargetDependency;
			target = FA42D1D32FE7DE8600897DFF /* wayz_ios */;
			targetProxy = FA42D1EC2FE7DE8800897DFF /* PBXContainerItemProxy */;
		};
/* End PBXTargetDependency section */

/* Begin XCBuildConfiguration section */
		FA42D1F32FE7DE8800897DFF /* Debug */ = {
			isa = XCBuildConfiguration;
			baseConfigurationReferenceAnchor = FA88C76A2FFA548600A43CB5 /* Configs */;
			baseConfigurationReferenceRelativePath = "Config-Dev.xcconfig";
			buildSettings = {
				ALWAYS_SEARCH_USER_PATHS = NO;
				ASSETCATALOG_COMPILER_GENERATE_SWIFT_ASSET_SYMBOL_EXTENSIONS = YES;
				CLANG_ANALYZER_NONNULL = YES;
				CLANG_ANALYZER_NUMBER_OBJECT_CONVERSION = YES_AGGRESSIVE;
				CLANG_CXX_LANGUAGE_STANDARD = "gnu++20";
				CLANG_ENABLE_MODULES = YES;
				CLANG_ENABLE_OBJC_ARC = YES;
				CLANG_ENABLE_OBJC_WEAK = YES;
				CLANG_WARN_BLOCK_CAPTURE_AUTORELEASING = YES;
				CLANG_WARN_BOOL_CONVERSION = YES;
				CLANG_WARN_COMMA = YES;
				CLANG_WARN_CONSTANT_CONVERSION = YES;
				CLANG_WARN_DEPRECATED_OBJC_IMPLEMENTATIONS = YES;
				CLANG_WARN_DIRECT_OBJC_ISA_USAGE = YES_ERROR;
				CLANG_WARN_DOCUMENTATION_COMMENTS = YES;
				CLANG_WARN_EMPTY_BODY = YES;
				CLANG_WARN_ENUM_CONVERSION = YES;
				CLANG_WARN_INFINITE_RECURSION = YES;
				CLANG_WARN_INT_CONVERSION = YES;
				CLANG_WARN_NON_LITERAL_NULL_CONVERSION = YES;
				CLANG_WARN_OBJC_IMPLICIT_RETAIN_SELF = YES;
				CLANG_WARN_OBJC_LITERAL_CONVERSION = YES;
				CLANG_WARN_OBJC_ROOT_CLASS = YES_ERROR;
				CLANG_WARN_QUOTED_INCLUDE_IN_FRAMEWORK_HEADER = YES;
				CLANG_WARN_RANGE_LOOP_ANALYSIS = YES;
				CLANG_WARN_STRICT_PROTOTYPES = YES;
				CLANG_WARN_SUSPICIOUS_MOVE = YES;
				CLANG_WARN_UNGUARDED_AVAILABILITY = YES_AGGRESSIVE;
				CLANG_WARN_UNREACHABLE_CODE = YES;
				CLANG_WARN__DUPLICATE_METHOD_MATCH = YES;
				COPY_PHASE_STRIP = NO;
				DEBUG_INFORMATION_FORMAT = dwarf;
				ENABLE_STRICT_OBJC_MSGSEND = YES;
				ENABLE_TESTABILITY = YES;
				ENABLE_USER_SCRIPT_SANDBOXING = YES;
				GCC_C_LANGUAGE_STANDARD = gnu17;
				GCC_DYNAMIC_NO_PIC = NO;
				GCC_NO_COMMON_BLOCKS = YES;
				GCC_OPTIMIZATION_LEVEL = 0;
				GCC_PREPROCESSOR_DEFINITIONS = (
					"DEBUG=1",
					"$(inherited)",
				);
				GCC_WARN_64_TO_32_BIT_CONVERSION = YES;
				GCC_WARN_ABOUT_RETURN_TYPE = YES_ERROR;
				GCC_WARN_UNDECLARED_SELECTOR = YES;
				GCC_WARN_UNINITIALIZED_AUTOS = YES_AGGRESSIVE;
				GCC_WARN_UNUSED_FUNCTION = YES;
				GCC_WARN_UNUSED_VARIABLE = YES;
				IPHONEOS_DEPLOYMENT_TARGET = 26.5;
				LOCALIZATION_PREFERS_STRING_CATALOGS = YES;
				MTL_ENABLE_DEBUG_INFO = INCLUDE_SOURCE;
				MTL_FAST_MATH = YES;
				ONLY_ACTIVE_ARCH = YES;
				SDKROOT = iphoneos;
				SWIFT_ACTIVE_COMPILATION_CONDITIONS = "DEBUG $(inherited)";
				SWIFT_OPTIMIZATION_LEVEL = "-Onone";
			};
			name = Debug;
		};
		FA42D1F42FE7DE8800897DFF /* Release */ = {
			isa = XCBuildConfiguration;
			baseConfigurationReferenceAnchor = FA88C76A2FFA548600A43CB5 /* Configs */;
			baseConfigurationReferenceRelativePath = "Config-Dev.xcconfig";
			buildSettings = {
				ALWAYS_SEARCH_USER_PATHS = NO;
				ASSETCATALOG_COMPILER_GENERATE_SWIFT_ASSET_SYMBOL_EXTENSIONS = YES;
				CLANG_ANALYZER_NONNULL = YES;
				CLANG_ANALYZER_NUMBER_OBJECT_CONVERSION = YES_AGGRESSIVE;
				CLANG_CXX_LANGUAGE_STANDARD = "gnu++20";
				CLANG_ENABLE_MODULES = YES;
				CLANG_ENABLE_OBJC_ARC = YES;
				CLANG_ENABLE_OBJC_WEAK = YES;
				CLANG_WARN_BLOCK_CAPTURE_AUTORELEASING = YES;
				CLANG_WARN_BOOL_CONVERSION = YES;
				CLANG_WARN_COMMA = YES;
				CLANG_WARN_CONSTANT_CONVERSION = YES;
				CLANG_WARN_DEPRECATED_OBJC_IMPLEMENTATIONS = YES;
				CLANG_WARN_DIRECT_OBJC_ISA_USAGE = YES_ERROR;
				CLANG_WARN_DOCUMENTATION_COMMENTS = YES;
				CLANG_WARN_EMPTY_BODY = YES;
				CLANG_WARN_ENUM_CONVERSION = YES;
				CLANG_WARN_INFINITE_RECURSION = YES;
				CLANG_WARN_INT_CONVERSION = YES;
				CLANG_WARN_NON_LITERAL_NULL_CONVERSION = YES;
				CLANG_WARN_OBJC_IMPLICIT_RETAIN_SELF = YES;
				CLANG_WARN_OBJC_LITERAL_CONVERSION = YES;
				CLANG_WARN_OBJC_ROOT_CLASS = YES_ERROR;
				CLANG_WARN_QUOTED_INCLUDE_IN_FRAMEWORK_HEADER = YES;
				CLANG_WARN_RANGE_LOOP_ANALYSIS = YES;
				CLANG_WARN_STRICT_PROTOTYPES = YES;
				CLANG_WARN_SUSPICIOUS_MOVE = YES;
				CLANG_WARN_UNGUARDED_AVAILABILITY = YES_AGGRESSIVE;
				CLANG_WARN_UNREACHABLE_CODE = YES;
				CLANG_WARN__DUPLICATE_METHOD_MATCH = YES;
				COPY_PHASE_STRIP = NO;
				DEBUG_INFORMATION_FORMAT = "dwarf-with-dsym";
				ENABLE_NS_ASSERTIONS = NO;
				ENABLE_STRICT_OBJC_MSGSEND = YES;
				ENABLE_USER_SCRIPT_SANDBOXING = YES;
				GCC_C_LANGUAGE_STANDARD = gnu17;
				GCC_NO_COMMON_BLOCKS = YES;
				GCC_WARN_64_TO_32_BIT_CONVERSION = YES;
				GCC_WARN_ABOUT_RETURN_TYPE = YES_ERROR;
				GCC_WARN_UNDECLARED_SELECTOR = YES;
				GCC_WARN_UNINITIALIZED_AUTOS = YES_AGGRESSIVE;
				GCC_WARN_UNUSED_FUNCTION = YES;
				GCC_WARN_UNUSED_VARIABLE = YES;
				IPHONEOS_DEPLOYMENT_TARGET = 26.5;
				LOCALIZATION_PREFERS_STRING_CATALOGS = YES;
				MTL_ENABLE_DEBUG_INFO = NO;
				MTL_FAST_MATH = YES;
				SDKROOT = iphoneos;
				SWIFT_COMPILATION_MODE = wholemodule;
				VALIDATE_PRODUCT = YES;
			};
			name = Release;
		};
		FA42D1F62FE7DE8800897DFF /* Debug */ = {
			isa = XCBuildConfiguration;
			baseConfigurationReferenceAnchor = FA88C76A2FFA548600A43CB5 /* Configs */;
			baseConfigurationReferenceRelativePath = "Config-Dev.xcconfig";
			buildSettings = {
				ASSETCATALOG_COMPILER_APPICON_NAME = AppIcon;
				ASSETCATALOG_COMPILER_GLOBAL_ACCENT_COLOR_NAME = AccentColor;
				CODE_SIGN_STYLE = Automatic;
				CURRENT_PROJECT_VERSION = 1;
				ENABLE_PREVIEWS = YES;
				GENERATE_INFOPLIST_FILE = YES;
				INFOPLIST_FILE = Info.plist;
				INFOPLIST_KEY_LSApplicationCategoryType = "";
				INFOPLIST_KEY_UIApplicationSceneManifest_Generation = YES;
				INFOPLIST_KEY_UIApplicationSupportsIndirectInputEvents = YES;
				INFOPLIST_KEY_UILaunchScreen_Generation = YES;
				INFOPLIST_KEY_UISupportedInterfaceOrientations_iPad = "UIInterfaceOrientationPortrait UIInterfaceOrientationPortraitUpsideDown UIInterfaceOrientationLandscapeLeft UIInterfaceOrientationLandscapeRight";
				INFOPLIST_KEY_UISupportedInterfaceOrientations_iPhone = "UIInterfaceOrientationPortrait UIInterfaceOrientationLandscapeLeft UIInterfaceOrientationLandscapeRight";
				LD_RUNPATH_SEARCH_PATHS = (
					"$(inherited)",
					"@executable_path/Frameworks",
				);
				MARKETING_VERSION = 1.0;
				PRODUCT_BUNDLE_IDENTIFIER = "vn.raybiter.wayz-ios";
				PRODUCT_NAME = "$(TARGET_NAME)";
				STRING_CATALOG_GENERATE_SYMBOLS = YES;
				SWIFT_APPROACHABLE_CONCURRENCY = YES;
				SWIFT_DEFAULT_ACTOR_ISOLATION = MainActor;
				SWIFT_EMIT_LOC_STRINGS = YES;
				SWIFT_UPCOMING_FEATURE_MEMBER_IMPORT_VISIBILITY = YES;
				SWIFT_VERSION = 5.0;
				TARGETED_DEVICE_FAMILY = "1,2";
			};
			name = Debug;
		};
		FA42D1F72FE7DE8800897DFF /* Release */ = {
			isa = XCBuildConfiguration;
			baseConfigurationReferenceAnchor = FA88C76A2FFA548600A43CB5 /* Configs */;
			baseConfigurationReferenceRelativePath = "Config-Dev.xcconfig";
			buildSettings = {
				ASSETCATALOG_COMPILER_APPICON_NAME = AppIcon;
				ASSETCATALOG_COMPILER_GLOBAL_ACCENT_COLOR_NAME = AccentColor;
				CODE_SIGN_STYLE = Automatic;
				CURRENT_PROJECT_VERSION = 1;
				ENABLE_PREVIEWS = YES;
				GENERATE_INFOPLIST_FILE = YES;
				INFOPLIST_FILE = Info.plist;
				INFOPLIST_KEY_LSApplicationCategoryType = "";
				INFOPLIST_KEY_UIApplicationSceneManifest_Generation = YES;
				INFOPLIST_KEY_UIApplicationSupportsIndirectInputEvents = YES;
				INFOPLIST_KEY_UILaunchScreen_Generation = YES;
				INFOPLIST_KEY_UISupportedInterfaceOrientations_iPad = "UIInterfaceOrientationPortrait UIInterfaceOrientationPortraitUpsideDown UIInterfaceOrientationLandscapeLeft UIInterfaceOrientationLandscapeRight";
				INFOPLIST_KEY_UISupportedInterfaceOrientations_iPhone = "UIInterfaceOrientationPortrait UIInterfaceOrientationLandscapeLeft UIInterfaceOrientationLandscapeRight";
				LD_RUNPATH_SEARCH_PATHS = (
					"$(inherited)",
					"@executable_path/Frameworks",
				);
				MARKETING_VERSION = 1.0;
				PRODUCT_BUNDLE_IDENTIFIER = "vn.raybiter.wayz-ios";
				PRODUCT_NAME = "$(TARGET_NAME)";
				STRING_CATALOG_GENERATE_SYMBOLS = YES;
				SWIFT_APPROACHABLE_CONCURRENCY = YES;
				SWIFT_DEFAULT_ACTOR_ISOLATION = MainActor;
				SWIFT_EMIT_LOC_STRINGS = YES;
				SWIFT_UPCOMING_FEATURE_MEMBER_IMPORT_VISIBILITY = YES;
				SWIFT_VERSION = 5.0;
				TARGETED_DEVICE_FAMILY = "1,2";
			};
			name = Release;
		};
		FA42D1F92FE7DE8800897DFF /* Debug */ = {
			isa = XCBuildConfiguration;
			buildSettings = {
				BUNDLE_LOADER = "$(TEST_HOST)";
				CODE_SIGN_STYLE = Automatic;
				CURRENT_PROJECT_VERSION = 1;
				GENERATE_INFOPLIST_FILE = YES;
				IPHONEOS_DEPLOYMENT_TARGET = 26.5;
				MARKETING_VERSION = 1.0;
				PRODUCT_BUNDLE_IDENTIFIER = "vn.raybiter.wayz-iosTests";
				PRODUCT_NAME = "$(TARGET_NAME)";
				STRING_CATALOG_GENERATE_SYMBOLS = NO;
				SWIFT_APPROACHABLE_CONCURRENCY = YES;
				SWIFT_EMIT_LOC_STRINGS = NO;
				SWIFT_UPCOMING_FEATURE_MEMBER_IMPORT_VISIBILITY = YES;
				SWIFT_VERSION = 5.0;
				TARGETED_DEVICE_FAMILY = "1,2";
				TEST_HOST = "$(BUILT_PRODUCTS_DIR)/wayz_ios.app/$(BUNDLE_EXECUTABLE_FOLDER_PATH)/wayz_ios";
			};
			name = Debug;
		};
		FA42D1FA2FE7DE8800897DFF /* Release */ = {
			isa = XCBuildConfiguration;
			buildSettings = {
				BUNDLE_LOADER = "$(TEST_HOST)";
				CODE_SIGN_STYLE = Automatic;
				CURRENT_PROJECT_VERSION = 1;
				GENERATE_INFOPLIST_FILE = YES;
				IPHONEOS_DEPLOYMENT_TARGET = 26.5;
				MARKETING_VERSION = 1.0;
				PRODUCT_BUNDLE_IDENTIFIER = "vn.raybiter.wayz-iosTests";
				PRODUCT_NAME = "$(TARGET_NAME)";
				STRING_CATALOG_GENERATE_SYMBOLS = NO;
				SWIFT_APPROACHABLE_CONCURRENCY = YES;
				SWIFT_EMIT_LOC_STRINGS = NO;
				SWIFT_UPCOMING_FEATURE_MEMBER_IMPORT_VISIBILITY = YES;
				SWIFT_VERSION = 5.0;
				TARGETED_DEVICE_FAMILY = "1,2";
				TEST_HOST = "$(BUILT_PRODUCTS_DIR)/wayz_ios.app/$(BUNDLE_EXECUTABLE_FOLDER_PATH)/wayz_ios";
			};
			name = Release;
		};
		FA42D1FC2FE7DE8800897DFF /* Debug */ = {
			isa = XCBuildConfiguration;
			buildSettings = {
				CODE_SIGN_STYLE = Automatic;
				CURRENT_PROJECT_VERSION = 1;
				GENERATE_INFOPLIST_FILE = YES;
				MARKETING_VERSION = 1.0;
				PRODUCT_BUNDLE_IDENTIFIER = "vn.raybiter.wayz-iosUITests";
				PRODUCT_NAME = "$(TARGET_NAME)";
				STRING_CATALOG_GENERATE_SYMBOLS = NO;
				SWIFT_APPROACHABLE_CONCURRENCY = YES;
				SWIFT_EMIT_LOC_STRINGS = NO;
				SWIFT_UPCOMING_FEATURE_MEMBER_IMPORT_VISIBILITY = YES;
				SWIFT_VERSION = 5.0;
				TARGETED_DEVICE_FAMILY = "1,2";
				TEST_TARGET_NAME = wayz_ios;
			};
			name = Debug;
		};
		FA42D1FD2FE7DE8800897DFF /* Release */ = {
			isa = XCBuildConfiguration;
			buildSettings = {
				CODE_SIGN_STYLE = Automatic;
				CURRENT_PROJECT_VERSION = 1;
				GENERATE_INFOPLIST_FILE = YES;
				MARKETING_VERSION = 1.0;
				PRODUCT_BUNDLE_IDENTIFIER = "vn.raybiter.wayz-iosUITests";
				PRODUCT_NAME = "$(TARGET_NAME)";
				STRING_CATALOG_GENERATE_SYMBOLS = NO;
				SWIFT_APPROACHABLE_CONCURRENCY = YES;
				SWIFT_EMIT_LOC_STRINGS = NO;
				SWIFT_UPCOMING_FEATURE_MEMBER_IMPORT_VISIBILITY = YES;
				SWIFT_VERSION = 5.0;
				TARGETED_DEVICE_FAMILY = "1,2";
				TEST_TARGET_NAME = wayz_ios;
			};
			name = Release;
		};
/* End XCBuildConfiguration section */

/* Begin XCConfigurationList section */
		FA42D1CF2FE7DE8600897DFF /* Build configuration list for PBXProject "wayz_ios" */ = {
			isa = XCConfigurationList;
			buildConfigurations = (
				FA42D1F32FE7DE8800897DFF /* Debug */,
				FA42D1F42FE7DE8800897DFF /* Release */,
			);
			defaultConfigurationIsVisible = 0;
			defaultConfigurationName = Release;
		};
		FA42D1F52FE7DE8800897DFF /* Build configuration list for PBXNativeTarget "wayz_ios" */ = {
			isa = XCConfigurationList;
			buildConfigurations = (
				FA42D1F62FE7DE8800897DFF /* Debug */,
				FA42D1F72FE7DE8800897DFF /* Release */,
			);
			defaultConfigurationIsVisible = 0;
			defaultConfigurationName = Release;
		};
		FA42D1F82FE7DE8800897DFF /* Build configuration list for PBXNativeTarget "wayz_iosTests" */ = {
			isa = XCConfigurationList;
			buildConfigurations = (
				FA42D1F92FE7DE8800897DFF /* Debug */,
				FA42D1FA2FE7DE8800897DFF /* Release */,
			);
			defaultConfigurationIsVisible = 0;
			defaultConfigurationName = Release;
		};
		FA42D1FB2FE7DE8800897DFF /* Build configuration list for PBXNativeTarget "wayz_iosUITests" */ = {
			isa = XCConfigurationList;
			buildConfigurations = (
				FA42D1FC2FE7DE8800897DFF /* Debug */,
				FA42D1FD2FE7DE8800897DFF /* Release */,
			);
			defaultConfigurationIsVisible = 0;
			defaultConfigurationName = Release;
		};
/* End XCConfigurationList section */

/* Begin XCRemoteSwiftPackageReference section */
		1E7065F41C433CD34745891B /* XCRemoteSwiftPackageReference "EmojiKit" */ = {
			isa = XCRemoteSwiftPackageReference;
			repositoryURL = "https://github.com/danielsaidi/EmojiKit.git";
			requirement = {
				kind = upToNextMajorVersion;
				minimumVersion = 2.0.0;
			};
		};
		356C493FABB55D22CC48C34D /* XCRemoteSwiftPackageReference "maplibre-gl-native-distribution" */ = {
			isa = XCRemoteSwiftPackageReference;
			repositoryURL = "https://github.com/maplibre/maplibre-gl-native-distribution.git";
			requirement = {
				kind = upToNextMajorVersion;
				minimumVersion = 6.0.0;
			};
		};
		FA42D2692FE7F39000897DFF /* XCRemoteSwiftPackageReference "Alamofire" */ = {
			isa = XCRemoteSwiftPackageReference;
			repositoryURL = "https://github.com/Alamofire/Alamofire.git";
			requirement = {
				kind = upToNextMajorVersion;
				minimumVersion = 5.12.0;
			};
		};
		FA42D26A2FE7F3A500897DFF /* XCRemoteSwiftPackageReference "Swinject" */ = {
			isa = XCRemoteSwiftPackageReference;
			repositoryURL = "https://github.com/Swinject/Swinject.git";
			requirement = {
				kind = upToNextMajorVersion;
				minimumVersion = 2.10.0;
			};
		};
		FA42D26B2FE7F50000897DFF /* XCRemoteSwiftPackageReference "swift-algorithms" */ = {
			isa = XCRemoteSwiftPackageReference;
			repositoryURL = "https://github.com/apple/swift-algorithms.git";
			requirement = {
				kind = upToNextMajorVersion;
				minimumVersion = 1.2.1;
			};
		};
		FA42D26C2FE7F51F00897DFF /* XCRemoteSwiftPackageReference "swift-async-algorithms" */ = {
			isa = XCRemoteSwiftPackageReference;
			repositoryURL = "https://github.com/apple/swift-async-algorithms.git";
			requirement = {
				kind = upToNextMajorVersion;
				minimumVersion = 1.1.4;
			};
		};
/* End XCRemoteSwiftPackageReference section */

/* Begin XCSwiftPackageProductDependency section */
		0E734F9FA10CAB1DBAF187A3 /* EmojiKit */ = {
			isa = XCSwiftPackageProductDependency;
			package = 1E7065F41C433CD34745891B /* XCRemoteSwiftPackageReference "EmojiKit" */;
			productName = EmojiKit;
		};
		F58443DB8E2BB42F11C737E8 /* MapLibre */ = {
			isa = XCSwiftPackageProductDependency;
			package = 356C493FABB55D22CC48C34D /* XCRemoteSwiftPackageReference "maplibre-gl-native-distribution" */;
			productName = MapLibre;
		};
		FA42D26D2FE7F51F00897DFF /* AsyncAlgorithms */ = {
			isa = XCSwiftPackageProductDependency;
			package = FA42D26C2FE7F51F00897DFF /* XCRemoteSwiftPackageReference "swift-async-algorithms" */;
			productName = AsyncAlgorithms;
		};
		FA42D26F2FE7F51F00897DFF /* AsyncStreaming */ = {
			isa = XCSwiftPackageProductDependency;
			package = FA42D26C2FE7F51F00897DFF /* XCRemoteSwiftPackageReference "swift-async-algorithms" */;
			productName = AsyncStreaming;
		};
		FA42D2722FE7F60000897DFF /* Alamofire */ = {
			isa = XCSwiftPackageProductDependency;
			package = FA42D2692FE7F39000897DFF /* XCRemoteSwiftPackageReference "Alamofire" */;
			productName = Alamofire;
		};
		FA42D2742FE7F60000897DFF /* Swinject */ = {
			isa = XCSwiftPackageProductDependency;
			package = FA42D26A2FE7F3A500897DFF /* XCRemoteSwiftPackageReference "Swinject" */;
			productName = Swinject;
		};
/* End XCSwiftPackageProductDependency section */
	};
	rootObject = FA42D1CC2FE7DE8600897DFF /* Project object */;
}
